
Microsoft Visual Studio Solution File, Format Version 12.00
# Visual Studio 2013
VisualStudioVersion = 12.0.30501.0
MinimumVisualStudioVersion = 10.0.40219.1
Project("{FAE04EC0-301F-11D3-BF4B-00C04F79EFBC}") = "Club", "Club\Club.csproj", "{72EE9F35-123C-4F92-A446-56E227F04436}"
EndProject
Project("{F088123C-0E9E-452A-89E6-6BA2F21D5CAC}") = "ModelingProject1", "ModelingProject1\ModelingProject1.modelproj", "{E711C15B-FCD1-4141-AA20-0331C518BC4C}"
EndProject
Global
	GlobalSection(SolutionConfigurationPlatforms) = preSolution
		Debug|Any CPU = Debug|Any CPU
		Release|Any CPU = Release|Any CPU
	EndGlobalSection
	GlobalSection(ProjectConfigurationPlatforms) = postSolution
		{72EE9F35-123C-4F92-A446-56E227F04436}.Debug|Any CPU.ActiveCfg = Debug|Any CPU
		{72EE9F35-123C-4F92-A446-56E227F04436}.Debug|Any CPU.Build.0 = Debug|Any CPU
		{72EE9F35-123C-4F92-A446-56E227F04436}.Release|Any CPU.ActiveCfg = Release|Any CPU
		{72EE9F35-123C-4F92-A446-56E227F04436}.Release|Any CPU.Build.0 = Release|Any CPU
		{E711C15B-FCD1-4141-AA20-0331C518BC4C}.Debug|Any CPU.ActiveCfg = Debug|Any CPU
		{E711C15B-FCD1-4141-AA20-0331C518BC4C}.Debug|Any CPU.Build.0 = Debug|Any CPU
		{E711C15B-FCD1-4141-AA20-0331C518BC4C}.Release|Any CPU.ActiveCfg = Release|Any CPU
		{E711C15B-FCD1-4141-AA20-0331C518BC4C}.Release|Any CPU.Build.0 = Release|Any CPU
	EndGlobalSection
	GlobalSection(SolutionProperties) = preSolution
		HideSolutionNode = FALSE
	EndGlobalSection
EndGlobal
